
Microsoft Visual Studio Solution File, Format Version 12.00
# Visual Studio 15
VisualStudioVersion = 15.0.28307.902
MinimumVisualStudioVersion = 10.0.40219.1
Project("{FAE04EC0-301F-11D3-BF4B-00C04F79EFBC}") = "AccountApi.Web", "src\host\AccountApi.Web\AccountApi.Web.csproj", "{A6D5A761-1C38-4E99-AA45-5EDBF70F61EF}"
EndProject
Project("{2150E333-8FDC-42A3-9474-1A3956D46DE8}") = "Host", "Host", "{8A2F7D29-5164-4524-AC8B-1C466460C281}"
EndProject
Project("{2150E333-8FDC-42A3-9474-1A3956D46DE8}") = "src", "src", "{81468D87-A6BE-4ACC-9F30-550E54E489CC}"
EndProject
Global
	GlobalSection(SolutionConfigurationPlatforms) = preSolution
		Debug|Any CPU = Debug|Any CPU
		Release|Any CPU = Release|Any CPU
	EndGlobalSection
	GlobalSection(ProjectConfigurationPlatforms) = postSolution
		{A6D5A761-1C38-4E99-AA45-5EDBF70F61EF}.Debug|Any CPU.ActiveCfg = Debug|Any CPU
		{A6D5A761-1C38-4E99-AA45-5EDBF70F61EF}.Debug|Any CPU.Build.0 = Debug|Any CPU
		{A6D5A761-1C38-4E99-AA45-5EDBF70F61EF}.Release|Any CPU.ActiveCfg = Release|Any CPU
		{A6D5A761-1C38-4E99-AA45-5EDBF70F61EF}.Release|Any CPU.Build.0 = Release|Any CPU
	EndGlobalSection
	GlobalSection(SolutionProperties) = preSolution
		HideSolutionNode = FALSE
	EndGlobalSection
	GlobalSection(NestedProjects) = preSolution
		{A6D5A761-1C38-4E99-AA45-5EDBF70F61EF} = {8A2F7D29-5164-4524-AC8B-1C466460C281}
		{8A2F7D29-5164-4524-AC8B-1C466460C281} = {81468D87-A6BE-4ACC-9F30-550E54E489CC}
	EndGlobalSection
	GlobalSection(ExtensibilityGlobals) = postSolution
		SolutionGuid = {56678FF3-449E-496B-B54C-E13B8E6FC14B}
	EndGlobalSection
EndGlobal
