
Microsoft Visual Studio Solution File, Format Version 12.00
# Visual Studio 15
VisualStudioVersion = 15.0.28307.902
MinimumVisualStudioVersion = 10.0.40219.1
Project("{9A19103F-16F7-4668-BE54-9A1E7A4F7556}") = "AccountApi.Web", "src\host\AccountApi.Web\AccountApi.Web.csproj", "{A6D5A761-1C38-4E99-AA45-5EDBF70F61EF}"
EndProject
Project("{2150E333-8FDC-42A3-9474-1A3956D46DE8}") = "01.Host", "01.Host", "{8A2F7D29-5164-4524-AC8B-1C466460C281}"
EndProject
Project("{2150E333-8FDC-42A3-9474-1A3956D46DE8}") = "src", "src", "{81468D87-A6BE-4ACC-9F30-550E54E489CC}"
EndProject
Project("{9A19103F-16F7-4668-BE54-9A1E7A4F7556}") = "AccountApi.DataContract", "src\host\AccountApi.DataContract\AccountApi.DataContract.csproj", "{5BAEA4CD-5CB8-470F-AD3B-D9A62B25E192}"
EndProject
Project("{2150E333-8FDC-42A3-9474-1A3956D46DE8}") = "02.Core", "02.Core", "{BC158DE8-9B15-482E-948E-9A8940087DDA}"
EndProject
Project("{9A19103F-16F7-4668-BE54-9A1E7A4F7556}") = "AccountApi.Domain", "src\core\Account.Domain\AccountApi.Domain.csproj", "{D5129547-FE23-427A-AE91-64540EA2461A}"
EndProject
Project("{2150E333-8FDC-42A3-9474-1A3956D46DE8}") = "tests", "tests", "{D5B8C440-25FD-41CE-BAA1-E69477062F1A}"
EndProject
Project("{9A19103F-16F7-4668-BE54-9A1E7A4F7556}") = "AccountDomain.Tests", "tests\AccountDomain.Tests\AccountDomain.Tests.csproj", "{FEBE37B5-34C5-4538-A41E-67EA1AEDC5EF}"
EndProject
Project("{9A19103F-16F7-4668-BE54-9A1E7A4F7556}") = "AccountApi.Contracts", "src\core\AccountApi.Gateways\AccountApi.Contracts.csproj", "{DFC38F01-2A8E-400C-9278-D01BCD0EADC3}"
EndProject
Project("{2150E333-8FDC-42A3-9474-1A3956D46DE8}") = "03.Services", "03.Services", "{5E148C5E-8804-47C7-B0E4-9CB0C099FF7A}"
EndProject
Project("{9A19103F-16F7-4668-BE54-9A1E7A4F7556}") = "AccountApi.TokenService", "src\services\AccountApi.TokenService\AccountApi.TokenService.csproj", "{A9870CAB-6510-4521-BA99-8B6ABC5C5EEA}"
EndProject
Project("{2150E333-8FDC-42A3-9474-1A3956D46DE8}") = "04.Persistence", "04.Persistence", "{B2E164E3-56F5-4185-88DA-60668EC3C668}"
EndProject
Project("{9A19103F-16F7-4668-BE54-9A1E7A4F7556}") = "AccountApi.Mock", "src\persistence\AccountApi.Mock\AccountApi.Mock.csproj", "{A5A3B3FA-0988-4112-B5D0-E32B1084FAEB}"
EndProject
Project("{2150E333-8FDC-42A3-9474-1A3956D46DE8}") = "05.Common", "05.Common", "{FF9DD7E9-10ED-4AC6-ACFB-14E67106B92C}"
EndProject
Project("{9A19103F-16F7-4668-BE54-9A1E7A4F7556}") = "AccountApi.Common", "src\common\AccountApi.Common\AccountApi.Common.csproj", "{24729B7A-3DEB-4444-9B5D-4CF0D3A9ED7E}"
EndProject
Project("{FAE04EC0-301F-11D3-BF4B-00C04F79EFBC}") = "AccountService", "src\services\AccountService\AccountService.csproj", "{6EDAEF58-22B4-4CFB-91E8-76D33AB9901F}"
EndProject
Global
	GlobalSection(SolutionConfigurationPlatforms) = preSolution
		Debug|Any CPU = Debug|Any CPU
		Release|Any CPU = Release|Any CPU
	EndGlobalSection
	GlobalSection(ProjectConfigurationPlatforms) = postSolution
		{A6D5A761-1C38-4E99-AA45-5EDBF70F61EF}.Debug|Any CPU.ActiveCfg = Debug|Any CPU
		{A6D5A761-1C38-4E99-AA45-5EDBF70F61EF}.Debug|Any CPU.Build.0 = Debug|Any CPU
		{A6D5A761-1C38-4E99-AA45-5EDBF70F61EF}.Release|Any CPU.ActiveCfg = Release|Any CPU
		{A6D5A761-1C38-4E99-AA45-5EDBF70F61EF}.Release|Any CPU.Build.0 = Release|Any CPU
		{5BAEA4CD-5CB8-470F-AD3B-D9A62B25E192}.Debug|Any CPU.ActiveCfg = Debug|Any CPU
		{5BAEA4CD-5CB8-470F-AD3B-D9A62B25E192}.Debug|Any CPU.Build.0 = Debug|Any CPU
		{5BAEA4CD-5CB8-470F-AD3B-D9A62B25E192}.Release|Any CPU.ActiveCfg = Release|Any CPU
		{5BAEA4CD-5CB8-470F-AD3B-D9A62B25E192}.Release|Any CPU.Build.0 = Release|Any CPU
		{D5129547-FE23-427A-AE91-64540EA2461A}.Debug|Any CPU.ActiveCfg = Debug|Any CPU
		{D5129547-FE23-427A-AE91-64540EA2461A}.Debug|Any CPU.Build.0 = Debug|Any CPU
		{D5129547-FE23-427A-AE91-64540EA2461A}.Release|Any CPU.ActiveCfg = Release|Any CPU
		{D5129547-FE23-427A-AE91-64540EA2461A}.Release|Any CPU.Build.0 = Release|Any CPU
		{FEBE37B5-34C5-4538-A41E-67EA1AEDC5EF}.Debug|Any CPU.ActiveCfg = Debug|Any CPU
		{FEBE37B5-34C5-4538-A41E-67EA1AEDC5EF}.Debug|Any CPU.Build.0 = Debug|Any CPU
		{FEBE37B5-34C5-4538-A41E-67EA1AEDC5EF}.Release|Any CPU.ActiveCfg = Release|Any CPU
		{FEBE37B5-34C5-4538-A41E-67EA1AEDC5EF}.Release|Any CPU.Build.0 = Release|Any CPU
		{DFC38F01-2A8E-400C-9278-D01BCD0EADC3}.Debug|Any CPU.ActiveCfg = Debug|Any CPU
		{DFC38F01-2A8E-400C-9278-D01BCD0EADC3}.Debug|Any CPU.Build.0 = Debug|Any CPU
		{DFC38F01-2A8E-400C-9278-D01BCD0EADC3}.Release|Any CPU.ActiveCfg = Release|Any CPU
		{DFC38F01-2A8E-400C-9278-D01BCD0EADC3}.Release|Any CPU.Build.0 = Release|Any CPU
		{A9870CAB-6510-4521-BA99-8B6ABC5C5EEA}.Debug|Any CPU.ActiveCfg = Debug|Any CPU
		{A9870CAB-6510-4521-BA99-8B6ABC5C5EEA}.Debug|Any CPU.Build.0 = Debug|Any CPU
		{A9870CAB-6510-4521-BA99-8B6ABC5C5EEA}.Release|Any CPU.ActiveCfg = Release|Any CPU
		{A9870CAB-6510-4521-BA99-8B6ABC5C5EEA}.Release|Any CPU.Build.0 = Release|Any CPU
		{A5A3B3FA-0988-4112-B5D0-E32B1084FAEB}.Debug|Any CPU.ActiveCfg = Debug|Any CPU
		{A5A3B3FA-0988-4112-B5D0-E32B1084FAEB}.Debug|Any CPU.Build.0 = Debug|Any CPU
		{A5A3B3FA-0988-4112-B5D0-E32B1084FAEB}.Release|Any CPU.ActiveCfg = Release|Any CPU
		{A5A3B3FA-0988-4112-B5D0-E32B1084FAEB}.Release|Any CPU.Build.0 = Release|Any CPU
		{24729B7A-3DEB-4444-9B5D-4CF0D3A9ED7E}.Debug|Any CPU.ActiveCfg = Debug|Any CPU
		{24729B7A-3DEB-4444-9B5D-4CF0D3A9ED7E}.Debug|Any CPU.Build.0 = Debug|Any CPU
		{24729B7A-3DEB-4444-9B5D-4CF0D3A9ED7E}.Release|Any CPU.ActiveCfg = Release|Any CPU
		{24729B7A-3DEB-4444-9B5D-4CF0D3A9ED7E}.Release|Any CPU.Build.0 = Release|Any CPU
		{6EDAEF58-22B4-4CFB-91E8-76D33AB9901F}.Debug|Any CPU.ActiveCfg = Debug|Any CPU
		{6EDAEF58-22B4-4CFB-91E8-76D33AB9901F}.Debug|Any CPU.Build.0 = Debug|Any CPU
		{6EDAEF58-22B4-4CFB-91E8-76D33AB9901F}.Release|Any CPU.ActiveCfg = Release|Any CPU
		{6EDAEF58-22B4-4CFB-91E8-76D33AB9901F}.Release|Any CPU.Build.0 = Release|Any CPU
	EndGlobalSection
	GlobalSection(SolutionProperties) = preSolution
		HideSolutionNode = FALSE
	EndGlobalSection
	GlobalSection(NestedProjects) = preSolution
		{A6D5A761-1C38-4E99-AA45-5EDBF70F61EF} = {8A2F7D29-5164-4524-AC8B-1C466460C281}
		{8A2F7D29-5164-4524-AC8B-1C466460C281} = {81468D87-A6BE-4ACC-9F30-550E54E489CC}
		{5BAEA4CD-5CB8-470F-AD3B-D9A62B25E192} = {8A2F7D29-5164-4524-AC8B-1C466460C281}
		{BC158DE8-9B15-482E-948E-9A8940087DDA} = {81468D87-A6BE-4ACC-9F30-550E54E489CC}
		{D5129547-FE23-427A-AE91-64540EA2461A} = {BC158DE8-9B15-482E-948E-9A8940087DDA}
		{FEBE37B5-34C5-4538-A41E-67EA1AEDC5EF} = {D5B8C440-25FD-41CE-BAA1-E69477062F1A}
		{DFC38F01-2A8E-400C-9278-D01BCD0EADC3} = {BC158DE8-9B15-482E-948E-9A8940087DDA}
		{5E148C5E-8804-47C7-B0E4-9CB0C099FF7A} = {81468D87-A6BE-4ACC-9F30-550E54E489CC}
		{A9870CAB-6510-4521-BA99-8B6ABC5C5EEA} = {5E148C5E-8804-47C7-B0E4-9CB0C099FF7A}
		{B2E164E3-56F5-4185-88DA-60668EC3C668} = {81468D87-A6BE-4ACC-9F30-550E54E489CC}
		{A5A3B3FA-0988-4112-B5D0-E32B1084FAEB} = {B2E164E3-56F5-4185-88DA-60668EC3C668}
		{FF9DD7E9-10ED-4AC6-ACFB-14E67106B92C} = {81468D87-A6BE-4ACC-9F30-550E54E489CC}
		{24729B7A-3DEB-4444-9B5D-4CF0D3A9ED7E} = {FF9DD7E9-10ED-4AC6-ACFB-14E67106B92C}
		{6EDAEF58-22B4-4CFB-91E8-76D33AB9901F} = {5E148C5E-8804-47C7-B0E4-9CB0C099FF7A}
	EndGlobalSection
	GlobalSection(ExtensibilityGlobals) = postSolution
		SolutionGuid = {56678FF3-449E-496B-B54C-E13B8E6FC14B}
	EndGlobalSection
EndGlobal
